
Microsoft Visual Studio Solution File, Format Version 12.00
# Visual Studio Version 17
VisualStudioVersion = 17.8.34601.278
MinimumVisualStudioVersion = 10.0.40219.1
Project("{FAE04EC0-301F-11D3-BF4B-00C04F79EFBC}") = "Temperature Change Event Example", "Temperature Change Event Example.csproj", "{035F61DA-347B-4B0B-ABC6-EC67C631DE44}"
EndProject
Global
	GlobalSection(SolutionConfigurationPlatforms) = preSolution
		Debug|Any CPU = Debug|Any CPU
		Release|Any CPU = Release|Any CPU
	EndGlobalSection
	GlobalSection(ProjectConfigurationPlatforms) = postSolution
		{035F61DA-347B-4B0B-ABC6-EC67C631DE44}.Debug|Any CPU.ActiveCfg = Debug|Any CPU
		{035F61DA-347B-4B0B-ABC6-EC67C631DE44}.Debug|Any CPU.Build.0 = Debug|Any CPU
		{035F61DA-347B-4B0B-ABC6-EC67C631DE44}.Release|Any CPU.ActiveCfg = Release|Any CPU
		{035F61DA-347B-4B0B-ABC6-EC67C631DE44}.Release|Any CPU.Build.0 = Release|Any CPU
	EndGlobalSection
	GlobalSection(SolutionProperties) = preSolution
		HideSolutionNode = FALSE
	EndGlobalSection
	GlobalSection(ExtensibilityGlobals) = postSolution
		SolutionGuid = {5AA62BF1-7AF8-47C9-BC7D-AA5839B6C09C}
	EndGlobalSection
EndGlobal
