
Microsoft Visual Studio Solution File, Format Version 12.00
# Visual Studio Version 17
VisualStudioVersion = 17.8.34601.278
MinimumVisualStudioVersion = 10.0.40219.1
Project("{FAE04EC0-301F-11D3-BF4B-00C04F79EFBC}") = "Custom Attribute", "Custom Attribute.csproj", "{CADFE5F7-FE59-4736-A048-D62E05E6F7EA}"
EndProject
Global
	GlobalSection(SolutionConfigurationPlatforms) = preSolution
		Debug|Any CPU = Debug|Any CPU
		Release|Any CPU = Release|Any CPU
	EndGlobalSection
	GlobalSection(ProjectConfigurationPlatforms) = postSolution
		{CADFE5F7-FE59-4736-A048-D62E05E6F7EA}.Debug|Any CPU.ActiveCfg = Debug|Any CPU
		{CADFE5F7-FE59-4736-A048-D62E05E6F7EA}.Debug|Any CPU.Build.0 = Debug|Any CPU
		{CADFE5F7-FE59-4736-A048-D62E05E6F7EA}.Release|Any CPU.ActiveCfg = Release|Any CPU
		{CADFE5F7-FE59-4736-A048-D62E05E6F7EA}.Release|Any CPU.Build.0 = Release|Any CPU
	EndGlobalSection
	GlobalSection(SolutionProperties) = preSolution
		HideSolutionNode = FALSE
	EndGlobalSection
	GlobalSection(ExtensibilityGlobals) = postSolution
		SolutionGuid = {F7E32CE4-D553-4978-917B-64D198246A1F}
	EndGlobalSection
EndGlobal
