
Microsoft Visual Studio Solution File, Format Version 12.00
# Visual Studio Version 17
VisualStudioVersion = 17.8.34601.278
MinimumVisualStudioVersion = 10.0.40219.1
Project("{FAE04EC0-301F-11D3-BF4B-00C04F79EFBC}") = "Symmetric Encryption Example", "Symmetric Encryption Example.csproj", "{DC03E92B-E0F9-4BB3-9A73-E1AE3EAE4B2F}"
EndProject
Global
	GlobalSection(SolutionConfigurationPlatforms) = preSolution
		Debug|Any CPU = Debug|Any CPU
		Release|Any CPU = Release|Any CPU
	EndGlobalSection
	GlobalSection(ProjectConfigurationPlatforms) = postSolution
		{DC03E92B-E0F9-4BB3-9A73-E1AE3EAE4B2F}.Debug|Any CPU.ActiveCfg = Debug|Any CPU
		{DC03E92B-E0F9-4BB3-9A73-E1AE3EAE4B2F}.Debug|Any CPU.Build.0 = Debug|Any CPU
		{DC03E92B-E0F9-4BB3-9A73-E1AE3EAE4B2F}.Release|Any CPU.ActiveCfg = Release|Any CPU
		{DC03E92B-E0F9-4BB3-9A73-E1AE3EAE4B2F}.Release|Any CPU.Build.0 = Release|Any CPU
	EndGlobalSection
	GlobalSection(SolutionProperties) = preSolution
		HideSolutionNode = FALSE
	EndGlobalSection
	GlobalSection(ExtensibilityGlobals) = postSolution
		SolutionGuid = {6574C419-290C-4E2E-8C80-1695957F45FF}
	EndGlobalSection
EndGlobal
