
Microsoft Visual Studio Solution File, Format Version 12.00
# Visual Studio Version 17
VisualStudioVersion = 17.8.34601.278
MinimumVisualStudioVersion = 10.0.40219.1
Project("{FAE04EC0-301F-11D3-BF4B-00C04F79EFBC}") = "Array", "Array.csproj", "{A6D48E66-0673-4E71-AD5F-8E8FF2BF61F7}"
EndProject
Global
	GlobalSection(SolutionConfigurationPlatforms) = preSolution
		Debug|Any CPU = Debug|Any CPU
		Release|Any CPU = Release|Any CPU
	EndGlobalSection
	GlobalSection(ProjectConfigurationPlatforms) = postSolution
		{A6D48E66-0673-4E71-AD5F-8E8FF2BF61F7}.Debug|Any CPU.ActiveCfg = Debug|Any CPU
		{A6D48E66-0673-4E71-AD5F-8E8FF2BF61F7}.Debug|Any CPU.Build.0 = Debug|Any CPU
		{A6D48E66-0673-4E71-AD5F-8E8FF2BF61F7}.Release|Any CPU.ActiveCfg = Release|Any CPU
		{A6D48E66-0673-4E71-AD5F-8E8FF2BF61F7}.Release|Any CPU.Build.0 = Release|Any CPU
	EndGlobalSection
	GlobalSection(SolutionProperties) = preSolution
		HideSolutionNode = FALSE
	EndGlobalSection
	GlobalSection(ExtensibilityGlobals) = postSolution
		SolutionGuid = {6DE60360-F271-42B3-A9CB-484509EE8647}
	EndGlobalSection
EndGlobal
