
Microsoft Visual Studio Solution File, Format Version 12.00
# Visual Studio Version 17
VisualStudioVersion = 17.8.34601.278
MinimumVisualStudioVersion = 10.0.40219.1
Project("{FAE04EC0-301F-11D3-BF4B-00C04F79EFBC}") = "String Builder", "String Builder.csproj", "{D0FB41C2-BB1A-4983-A331-9614ECE2AF96}"
EndProject
Global
	GlobalSection(SolutionConfigurationPlatforms) = preSolution
		Debug|Any CPU = Debug|Any CPU
		Release|Any CPU = Release|Any CPU
	EndGlobalSection
	GlobalSection(ProjectConfigurationPlatforms) = postSolution
		{D0FB41C2-BB1A-4983-A331-9614ECE2AF96}.Debug|Any CPU.ActiveCfg = Debug|Any CPU
		{D0FB41C2-BB1A-4983-A331-9614ECE2AF96}.Debug|Any CPU.Build.0 = Debug|Any CPU
		{D0FB41C2-BB1A-4983-A331-9614ECE2AF96}.Release|Any CPU.ActiveCfg = Release|Any CPU
		{D0FB41C2-BB1A-4983-A331-9614ECE2AF96}.Release|Any CPU.Build.0 = Release|Any CPU
	EndGlobalSection
	GlobalSection(SolutionProperties) = preSolution
		HideSolutionNode = FALSE
	EndGlobalSection
	GlobalSection(ExtensibilityGlobals) = postSolution
		SolutionGuid = {409DFC27-6C90-486D-BDC6-B2AF40E2CF37}
	EndGlobalSection
EndGlobal
