
Microsoft Visual Studio Solution File, Format Version 12.00
# Visual Studio Version 17
VisualStudioVersion = 17.8.34330.188
MinimumVisualStudioVersion = 10.0.40219.1
Project("{FAE04EC0-301F-11D3-BF4B-00C04F79EFBC}") = "Simple Event With Parameters Using Arguments", "Simple Event With Parameters Using Arguments.csproj", "{D51CE1F9-3BD3-48EC-8E8F-B40CE51B6036}"
EndProject
Global
	GlobalSection(SolutionConfigurationPlatforms) = preSolution
		Debug|Any CPU = Debug|Any CPU
		Release|Any CPU = Release|Any CPU
	EndGlobalSection
	GlobalSection(ProjectConfigurationPlatforms) = postSolution
		{D51CE1F9-3BD3-48EC-8E8F-B40CE51B6036}.Debug|Any CPU.ActiveCfg = Debug|Any CPU
		{D51CE1F9-3BD3-48EC-8E8F-B40CE51B6036}.Debug|Any CPU.Build.0 = Debug|Any CPU
		{D51CE1F9-3BD3-48EC-8E8F-B40CE51B6036}.Release|Any CPU.ActiveCfg = Release|Any CPU
		{D51CE1F9-3BD3-48EC-8E8F-B40CE51B6036}.Release|Any CPU.Build.0 = Release|Any CPU
	EndGlobalSection
	GlobalSection(SolutionProperties) = preSolution
		HideSolutionNode = FALSE
	EndGlobalSection
	GlobalSection(ExtensibilityGlobals) = postSolution
		SolutionGuid = {465B2AC4-A83D-4F00-9B59-A95DBB9B602A}
	EndGlobalSection
EndGlobal
