
Microsoft Visual Studio Solution File, Format Version 12.00
# Visual Studio Version 17
VisualStudioVersion = 17.8.34601.278
MinimumVisualStudioVersion = 10.0.40219.1
Project("{FAE04EC0-301F-11D3-BF4B-00C04F79EFBC}") = "Conditional Attribute Examples", "Conditional Attribute Examples.csproj", "{BAAF1119-C8ED-428B-BA9D-6E5478FEFF4C}"
EndProject
Global
	GlobalSection(SolutionConfigurationPlatforms) = preSolution
		Debug|Any CPU = Debug|Any CPU
		Release|Any CPU = Release|Any CPU
	EndGlobalSection
	GlobalSection(ProjectConfigurationPlatforms) = postSolution
		{BAAF1119-C8ED-428B-BA9D-6E5478FEFF4C}.Debug|Any CPU.ActiveCfg = Debug|Any CPU
		{BAAF1119-C8ED-428B-BA9D-6E5478FEFF4C}.Debug|Any CPU.Build.0 = Debug|Any CPU
		{BAAF1119-C8ED-428B-BA9D-6E5478FEFF4C}.Release|Any CPU.ActiveCfg = Release|Any CPU
		{BAAF1119-C8ED-428B-BA9D-6E5478FEFF4C}.Release|Any CPU.Build.0 = Release|Any CPU
	EndGlobalSection
	GlobalSection(SolutionProperties) = preSolution
		HideSolutionNode = FALSE
	EndGlobalSection
	GlobalSection(ExtensibilityGlobals) = postSolution
		SolutionGuid = {45923C5D-BECE-4716-B275-CF290149066D}
	EndGlobalSection
EndGlobal
