
Microsoft Visual Studio Solution File, Format Version 12.00
# Visual Studio Version 17
VisualStudioVersion = 17.8.34601.278
MinimumVisualStudioVersion = 10.0.40219.1
Project("{FAE04EC0-301F-11D3-BF4B-00C04F79EFBC}") = "Lambda Expression", "Lambda Expression.csproj", "{DBD73ED6-2B65-4A1E-8314-4D282F3DC879}"
EndProject
Global
	GlobalSection(SolutionConfigurationPlatforms) = preSolution
		Debug|Any CPU = Debug|Any CPU
		Release|Any CPU = Release|Any CPU
	EndGlobalSection
	GlobalSection(ProjectConfigurationPlatforms) = postSolution
		{DBD73ED6-2B65-4A1E-8314-4D282F3DC879}.Debug|Any CPU.ActiveCfg = Debug|Any CPU
		{DBD73ED6-2B65-4A1E-8314-4D282F3DC879}.Debug|Any CPU.Build.0 = Debug|Any CPU
		{DBD73ED6-2B65-4A1E-8314-4D282F3DC879}.Release|Any CPU.ActiveCfg = Release|Any CPU
		{DBD73ED6-2B65-4A1E-8314-4D282F3DC879}.Release|Any CPU.Build.0 = Release|Any CPU
	EndGlobalSection
	GlobalSection(SolutionProperties) = preSolution
		HideSolutionNode = FALSE
	EndGlobalSection
	GlobalSection(ExtensibilityGlobals) = postSolution
		SolutionGuid = {164E8226-EC02-4DA0-B3CE-C4FDC7941CDA}
	EndGlobalSection
EndGlobal
