
Microsoft Visual Studio Solution File, Format Version 12.00
# Visual Studio Version 17
VisualStudioVersion = 17.8.34601.278
MinimumVisualStudioVersion = 10.0.40219.1
Project("{FAE04EC0-301F-11D3-BF4B-00C04F79EFBC}") = "Generic Classes", "Generic Classes.csproj", "{C2D1411A-AF80-438D-92E2-65A108072C47}"
EndProject
Global
	GlobalSection(SolutionConfigurationPlatforms) = preSolution
		Debug|Any CPU = Debug|Any CPU
		Release|Any CPU = Release|Any CPU
	EndGlobalSection
	GlobalSection(ProjectConfigurationPlatforms) = postSolution
		{C2D1411A-AF80-438D-92E2-65A108072C47}.Debug|Any CPU.ActiveCfg = Debug|Any CPU
		{C2D1411A-AF80-438D-92E2-65A108072C47}.Debug|Any CPU.Build.0 = Debug|Any CPU
		{C2D1411A-AF80-438D-92E2-65A108072C47}.Release|Any CPU.ActiveCfg = Release|Any CPU
		{C2D1411A-AF80-438D-92E2-65A108072C47}.Release|Any CPU.Build.0 = Release|Any CPU
	EndGlobalSection
	GlobalSection(SolutionProperties) = preSolution
		HideSolutionNode = FALSE
	EndGlobalSection
	GlobalSection(ExtensibilityGlobals) = postSolution
		SolutionGuid = {EA3BD86F-3AEA-409A-87AE-133EE7EDB0FB}
	EndGlobalSection
EndGlobal
