
Microsoft Visual Studio Solution File, Format Version 12.00
# Visual Studio Version 17
VisualStudioVersion = 17.8.34601.278
MinimumVisualStudioVersion = 10.0.40219.1
Project("{FAE04EC0-301F-11D3-BF4B-00C04F79EFBC}") = "NewOrderEventExample", "NewOrderEventExample.csproj", "{A34C5A2F-C247-42BD-9CBD-A88804A85FCF}"
EndProject
Global
	GlobalSection(SolutionConfigurationPlatforms) = preSolution
		Debug|Any CPU = Debug|Any CPU
		Release|Any CPU = Release|Any CPU
	EndGlobalSection
	GlobalSection(ProjectConfigurationPlatforms) = postSolution
		{A34C5A2F-C247-42BD-9CBD-A88804A85FCF}.Debug|Any CPU.ActiveCfg = Debug|Any CPU
		{A34C5A2F-C247-42BD-9CBD-A88804A85FCF}.Debug|Any CPU.Build.0 = Debug|Any CPU
		{A34C5A2F-C247-42BD-9CBD-A88804A85FCF}.Release|Any CPU.ActiveCfg = Release|Any CPU
		{A34C5A2F-C247-42BD-9CBD-A88804A85FCF}.Release|Any CPU.Build.0 = Release|Any CPU
	EndGlobalSection
	GlobalSection(SolutionProperties) = preSolution
		HideSolutionNode = FALSE
	EndGlobalSection
	GlobalSection(ExtensibilityGlobals) = postSolution
		SolutionGuid = {08BD6DBC-EAD5-44A8-B7C2-958E8A178640}
	EndGlobalSection
EndGlobal
