
Microsoft Visual Studio Solution File, Format Version 12.00
# Visual Studio Version 17
VisualStudioVersion = 17.8.34601.278
MinimumVisualStudioVersion = 10.0.40219.1
Project("{FAE04EC0-301F-11D3-BF4B-00C04F79EFBC}") = "LightSwitchController", "LightSwitchController.csproj", "{090893C0-1388-4241-B48C-6E4A4AA33666}"
EndProject
Global
	GlobalSection(SolutionConfigurationPlatforms) = preSolution
		Debug|Any CPU = Debug|Any CPU
		Release|Any CPU = Release|Any CPU
	EndGlobalSection
	GlobalSection(ProjectConfigurationPlatforms) = postSolution
		{090893C0-1388-4241-B48C-6E4A4AA33666}.Debug|Any CPU.ActiveCfg = Debug|Any CPU
		{090893C0-1388-4241-B48C-6E4A4AA33666}.Debug|Any CPU.Build.0 = Debug|Any CPU
		{090893C0-1388-4241-B48C-6E4A4AA33666}.Release|Any CPU.ActiveCfg = Release|Any CPU
		{090893C0-1388-4241-B48C-6E4A4AA33666}.Release|Any CPU.Build.0 = Release|Any CPU
	EndGlobalSection
	GlobalSection(SolutionProperties) = preSolution
		HideSolutionNode = FALSE
	EndGlobalSection
	GlobalSection(ExtensibilityGlobals) = postSolution
		SolutionGuid = {5055A6A9-9AE6-49ED-BD04-2C27FF082ED6}
	EndGlobalSection
EndGlobal
