
Microsoft Visual Studio Solution File, Format Version 12.00
# Visual Studio Version 17
VisualStudioVersion = 17.8.34601.278
MinimumVisualStudioVersion = 10.0.40219.1
Project("{FAE04EC0-301F-11D3-BF4B-00C04F79EFBC}") = "XML Serialization Example", "XML Serialization Example.csproj", "{DAF614ED-05CE-45B6-9E91-00741D3C95F1}"
EndProject
Global
	GlobalSection(SolutionConfigurationPlatforms) = preSolution
		Debug|Any CPU = Debug|Any CPU
		Release|Any CPU = Release|Any CPU
	EndGlobalSection
	GlobalSection(ProjectConfigurationPlatforms) = postSolution
		{DAF614ED-05CE-45B6-9E91-00741D3C95F1}.Debug|Any CPU.ActiveCfg = Debug|Any CPU
		{DAF614ED-05CE-45B6-9E91-00741D3C95F1}.Debug|Any CPU.Build.0 = Debug|Any CPU
		{DAF614ED-05CE-45B6-9E91-00741D3C95F1}.Release|Any CPU.ActiveCfg = Release|Any CPU
		{DAF614ED-05CE-45B6-9E91-00741D3C95F1}.Release|Any CPU.Build.0 = Release|Any CPU
	EndGlobalSection
	GlobalSection(SolutionProperties) = preSolution
		HideSolutionNode = FALSE
	EndGlobalSection
	GlobalSection(ExtensibilityGlobals) = postSolution
		SolutionGuid = {4D951926-6348-434B-8593-B93A971F6510}
	EndGlobalSection
EndGlobal
