
Microsoft Visual Studio Solution File, Format Version 12.00
# Visual Studio Version 17
VisualStudioVersion = 17.8.34601.278
MinimumVisualStudioVersion = 10.0.40219.1
Project("{FAE04EC0-301F-11D3-BF4B-00C04F79EFBC}") = "What is Multicast Delegate", "What is Multicast Delegate.csproj", "{144C319A-127B-481D-A4E3-A4B4A8742206}"
EndProject
Global
	GlobalSection(SolutionConfigurationPlatforms) = preSolution
		Debug|Any CPU = Debug|Any CPU
		Release|Any CPU = Release|Any CPU
	EndGlobalSection
	GlobalSection(ProjectConfigurationPlatforms) = postSolution
		{144C319A-127B-481D-A4E3-A4B4A8742206}.Debug|Any CPU.ActiveCfg = Debug|Any CPU
		{144C319A-127B-481D-A4E3-A4B4A8742206}.Debug|Any CPU.Build.0 = Debug|Any CPU
		{144C319A-127B-481D-A4E3-A4B4A8742206}.Release|Any CPU.ActiveCfg = Release|Any CPU
		{144C319A-127B-481D-A4E3-A4B4A8742206}.Release|Any CPU.Build.0 = Release|Any CPU
	EndGlobalSection
	GlobalSection(SolutionProperties) = preSolution
		HideSolutionNode = FALSE
	EndGlobalSection
	GlobalSection(ExtensibilityGlobals) = postSolution
		SolutionGuid = {F653B2AF-ED23-4872-BF52-B36E0CDE670C}
	EndGlobalSection
EndGlobal
