
Microsoft Visual Studio Solution File, Format Version 12.00
# Visual Studio Version 17
VisualStudioVersion = 17.8.34601.278
MinimumVisualStudioVersion = 10.0.40219.1
Project("{FAE04EC0-301F-11D3-BF4B-00C04F79EFBC}") = "Dictionary Collection", "Dictionary Collection.csproj", "{BF88BA23-6728-4833-9B67-A31D0AB0929C}"
EndProject
Global
	GlobalSection(SolutionConfigurationPlatforms) = preSolution
		Debug|Any CPU = Debug|Any CPU
		Release|Any CPU = Release|Any CPU
	EndGlobalSection
	GlobalSection(ProjectConfigurationPlatforms) = postSolution
		{BF88BA23-6728-4833-9B67-A31D0AB0929C}.Debug|Any CPU.ActiveCfg = Debug|Any CPU
		{BF88BA23-6728-4833-9B67-A31D0AB0929C}.Debug|Any CPU.Build.0 = Debug|Any CPU
		{BF88BA23-6728-4833-9B67-A31D0AB0929C}.Release|Any CPU.ActiveCfg = Release|Any CPU
		{BF88BA23-6728-4833-9B67-A31D0AB0929C}.Release|Any CPU.Build.0 = Release|Any CPU
	EndGlobalSection
	GlobalSection(SolutionProperties) = preSolution
		HideSolutionNode = FALSE
	EndGlobalSection
	GlobalSection(ExtensibilityGlobals) = postSolution
		SolutionGuid = {0AA95F6A-B8E3-4A03-BA80-2642A09C726C}
	EndGlobalSection
EndGlobal
