
Microsoft Visual Studio Solution File, Format Version 12.00
# Visual Studio Version 17
VisualStudioVersion = 17.8.34601.278
MinimumVisualStudioVersion = 10.0.40219.1
Project("{FAE04EC0-301F-11D3-BF4B-00C04F79EFBC}") = "SerializationDeserialization", "SerializationDeserialization.csproj", "{A7BF472C-C0CB-4DF9-9A95-B3B8D00202A8}"
EndProject
Global
	GlobalSection(SolutionConfigurationPlatforms) = preSolution
		Debug|Any CPU = Debug|Any CPU
		Release|Any CPU = Release|Any CPU
	EndGlobalSection
	GlobalSection(ProjectConfigurationPlatforms) = postSolution
		{A7BF472C-C0CB-4DF9-9A95-B3B8D00202A8}.Debug|Any CPU.ActiveCfg = Debug|Any CPU
		{A7BF472C-C0CB-4DF9-9A95-B3B8D00202A8}.Debug|Any CPU.Build.0 = Debug|Any CPU
		{A7BF472C-C0CB-4DF9-9A95-B3B8D00202A8}.Release|Any CPU.ActiveCfg = Release|Any CPU
		{A7BF472C-C0CB-4DF9-9A95-B3B8D00202A8}.Release|Any CPU.Build.0 = Release|Any CPU
	EndGlobalSection
	GlobalSection(SolutionProperties) = preSolution
		HideSolutionNode = FALSE
	EndGlobalSection
	GlobalSection(ExtensibilityGlobals) = postSolution
		SolutionGuid = {19338969-CABA-49CD-A5D1-262BFA9532C8}
	EndGlobalSection
EndGlobal
