
Microsoft Visual Studio Solution File, Format Version 12.00
# Visual Studio Version 17
VisualStudioVersion = 17.8.34601.278
MinimumVisualStudioVersion = 10.0.40219.1
Project("{FAE04EC0-301F-11D3-BF4B-00C04F79EFBC}") = "Lambda", "Lambda.csproj", "{C303A53C-C379-4258-8D8C-A0969604B31B}"
EndProject
Global
	GlobalSection(SolutionConfigurationPlatforms) = preSolution
		Debug|Any CPU = Debug|Any CPU
		Release|Any CPU = Release|Any CPU
	EndGlobalSection
	GlobalSection(ProjectConfigurationPlatforms) = postSolution
		{C303A53C-C379-4258-8D8C-A0969604B31B}.Debug|Any CPU.ActiveCfg = Debug|Any CPU
		{C303A53C-C379-4258-8D8C-A0969604B31B}.Debug|Any CPU.Build.0 = Debug|Any CPU
		{C303A53C-C379-4258-8D8C-A0969604B31B}.Release|Any CPU.ActiveCfg = Release|Any CPU
		{C303A53C-C379-4258-8D8C-A0969604B31B}.Release|Any CPU.Build.0 = Release|Any CPU
	EndGlobalSection
	GlobalSection(SolutionProperties) = preSolution
		HideSolutionNode = FALSE
	EndGlobalSection
	GlobalSection(ExtensibilityGlobals) = postSolution
		SolutionGuid = {AEA02674-35B0-4E16-B29B-4EC511600787}
	EndGlobalSection
EndGlobal
