
Microsoft Visual Studio Solution File, Format Version 12.00
# Visual Studio Version 17
VisualStudioVersion = 17.8.34601.278
MinimumVisualStudioVersion = 10.0.40219.1
Project("{FAE04EC0-301F-11D3-BF4B-00C04F79EFBC}") = "CADisposapleDesignPattern", "CADisposapleDesignPattern\CADisposapleDesignPattern.csproj", "{575376DF-CC88-4EDE-B78B-9AAEEFC3A805}"
EndProject
Project("{FAE04EC0-301F-11D3-BF4B-00C04F79EFBC}") = "CAfileStream", "CAfileStream\CAfileStream.csproj", "{4450E141-9F75-4311-BCF6-19B26991D4A2}"
EndProject
Project("{FAE04EC0-301F-11D3-BF4B-00C04F79EFBC}") = "CADecorator", "CADecorator\CADecorator.csproj", "{D44B390F-37B8-4EDF-8823-1E74497C8AFE}"
EndProject
Global
	GlobalSection(SolutionConfigurationPlatforms) = preSolution
		Debug|Any CPU = Debug|Any CPU
		Release|Any CPU = Release|Any CPU
	EndGlobalSection
	GlobalSection(ProjectConfigurationPlatforms) = postSolution
		{575376DF-CC88-4EDE-B78B-9AAEEFC3A805}.Debug|Any CPU.ActiveCfg = Debug|Any CPU
		{575376DF-CC88-4EDE-B78B-9AAEEFC3A805}.Debug|Any CPU.Build.0 = Debug|Any CPU
		{575376DF-CC88-4EDE-B78B-9AAEEFC3A805}.Release|Any CPU.ActiveCfg = Release|Any CPU
		{575376DF-CC88-4EDE-B78B-9AAEEFC3A805}.Release|Any CPU.Build.0 = Release|Any CPU
		{4450E141-9F75-4311-BCF6-19B26991D4A2}.Debug|Any CPU.ActiveCfg = Debug|Any CPU
		{4450E141-9F75-4311-BCF6-19B26991D4A2}.Debug|Any CPU.Build.0 = Debug|Any CPU
		{4450E141-9F75-4311-BCF6-19B26991D4A2}.Release|Any CPU.ActiveCfg = Release|Any CPU
		{4450E141-9F75-4311-BCF6-19B26991D4A2}.Release|Any CPU.Build.0 = Release|Any CPU
		{D44B390F-37B8-4EDF-8823-1E74497C8AFE}.Debug|Any CPU.ActiveCfg = Debug|Any CPU
		{D44B390F-37B8-4EDF-8823-1E74497C8AFE}.Debug|Any CPU.Build.0 = Debug|Any CPU
		{D44B390F-37B8-4EDF-8823-1E74497C8AFE}.Release|Any CPU.ActiveCfg = Release|Any CPU
		{D44B390F-37B8-4EDF-8823-1E74497C8AFE}.Release|Any CPU.Build.0 = Release|Any CPU
	EndGlobalSection
	GlobalSection(SolutionProperties) = preSolution
		HideSolutionNode = FALSE
	EndGlobalSection
	GlobalSection(ExtensibilityGlobals) = postSolution
		SolutionGuid = {237A7C41-92C8-4A82-902A-2D8551AC841E}
	EndGlobalSection
EndGlobal
