
Microsoft Visual Studio Solution File, Format Version 12.00
# Visual Studio Version 17
VisualStudioVersion = 17.8.34601.278
MinimumVisualStudioVersion = 10.0.40219.1
Project("{FAE04EC0-301F-11D3-BF4B-00C04F79EFBC}") = "Writing to a CSV File", "Writing to a CSV File.csproj", "{3E83F070-CECB-4644-8C9C-6DB0D831F07C}"
EndProject
Global
	GlobalSection(SolutionConfigurationPlatforms) = preSolution
		Debug|Any CPU = Debug|Any CPU
		Release|Any CPU = Release|Any CPU
	EndGlobalSection
	GlobalSection(ProjectConfigurationPlatforms) = postSolution
		{3E83F070-CECB-4644-8C9C-6DB0D831F07C}.Debug|Any CPU.ActiveCfg = Debug|Any CPU
		{3E83F070-CECB-4644-8C9C-6DB0D831F07C}.Debug|Any CPU.Build.0 = Debug|Any CPU
		{3E83F070-CECB-4644-8C9C-6DB0D831F07C}.Release|Any CPU.ActiveCfg = Release|Any CPU
		{3E83F070-CECB-4644-8C9C-6DB0D831F07C}.Release|Any CPU.Build.0 = Release|Any CPU
	EndGlobalSection
	GlobalSection(SolutionProperties) = preSolution
		HideSolutionNode = FALSE
	EndGlobalSection
	GlobalSection(ExtensibilityGlobals) = postSolution
		SolutionGuid = {4616101C-2EEE-4793-B0C7-2C9781957239}
	EndGlobalSection
EndGlobal
