
Microsoft Visual Studio Solution File, Format Version 12.00
# Visual Studio Version 17
VisualStudioVersion = 17.8.34601.278
MinimumVisualStudioVersion = 10.0.40219.1
Project("{FAE04EC0-301F-11D3-BF4B-00C04F79EFBC}") = "Reading from Registry", "Reading from Registry.csproj", "{48EB861C-CE3F-4AAC-9D1C-E1EC883133C4}"
EndProject
Global
	GlobalSection(SolutionConfigurationPlatforms) = preSolution
		Debug|Any CPU = Debug|Any CPU
		Release|Any CPU = Release|Any CPU
	EndGlobalSection
	GlobalSection(ProjectConfigurationPlatforms) = postSolution
		{48EB861C-CE3F-4AAC-9D1C-E1EC883133C4}.Debug|Any CPU.ActiveCfg = Debug|Any CPU
		{48EB861C-CE3F-4AAC-9D1C-E1EC883133C4}.Debug|Any CPU.Build.0 = Debug|Any CPU
		{48EB861C-CE3F-4AAC-9D1C-E1EC883133C4}.Release|Any CPU.ActiveCfg = Release|Any CPU
		{48EB861C-CE3F-4AAC-9D1C-E1EC883133C4}.Release|Any CPU.Build.0 = Release|Any CPU
	EndGlobalSection
	GlobalSection(SolutionProperties) = preSolution
		HideSolutionNode = FALSE
	EndGlobalSection
	GlobalSection(ExtensibilityGlobals) = postSolution
		SolutionGuid = {93FE9BB5-C582-4A26-8C3E-5BB7E4EB9E7C}
	EndGlobalSection
EndGlobal
