
Microsoft Visual Studio Solution File, Format Version 12.00
# Visual Studio Version 17
VisualStudioVersion = 17.8.34601.278
MinimumVisualStudioVersion = 10.0.40219.1
Project("{FAE04EC0-301F-11D3-BF4B-00C04F79EFBC}") = "Mutable and Immutable Types", "Mutable and Immutable Types.csproj", "{8C7A9005-5553-46DB-84AB-5271AC884D2F}"
EndProject
Global
	GlobalSection(SolutionConfigurationPlatforms) = preSolution
		Debug|Any CPU = Debug|Any CPU
		Release|Any CPU = Release|Any CPU
	EndGlobalSection
	GlobalSection(ProjectConfigurationPlatforms) = postSolution
		{8C7A9005-5553-46DB-84AB-5271AC884D2F}.Debug|Any CPU.ActiveCfg = Debug|Any CPU
		{8C7A9005-5553-46DB-84AB-5271AC884D2F}.Debug|Any CPU.Build.0 = Debug|Any CPU
		{8C7A9005-5553-46DB-84AB-5271AC884D2F}.Release|Any CPU.ActiveCfg = Release|Any CPU
		{8C7A9005-5553-46DB-84AB-5271AC884D2F}.Release|Any CPU.Build.0 = Release|Any CPU
	EndGlobalSection
	GlobalSection(SolutionProperties) = preSolution
		HideSolutionNode = FALSE
	EndGlobalSection
	GlobalSection(ExtensibilityGlobals) = postSolution
		SolutionGuid = {FEA0E3A4-A76F-4ED4-B6A8-77FCE517887A}
	EndGlobalSection
EndGlobal
